{
  "name": "system-diagnostic-scanner",
  "version": "1.0.0",
  "lockfileVersion": 3,
  "requires": true,
  "packages": {
    "": {
      "name": "system-diagnostic-scanner",
      "version": "1.0.0",
      "license": "MIT",
      "dependencies": {
        "systeminformation": "^5.31.6"
      }
    },
    "node_modules/systeminformation": {
      "version": "5.31.6",
      "resolved": "https://registry.npmjs.org/systeminformation/-/systeminformation-5.31.6.tgz",
      "integrity": "sha512-Uv2b2uGGM6ns+26czgW2cYRabYdnswM0ddSOOlryHOaelzsmDSet1iM/NT7VOYxW8x/BW+HkY+b1Ve2pLTSGSA==",
      "license": "MIT",
      "os": [
        "darwin",
        "linux",
        "win32",
        "freebsd",
        "openbsd",
        "netbsd",
        "sunos",
        "android"
      ],
      "bin": {
        "systeminformation": "lib/cli.js"
      },
      "engines": {
        "node": ">=8.0.0"
      },
      "funding": {
        "type": "Buy me a coffee",
        "url": "https://www.buymeacoffee.com/systeminfo"
      }
    }
  }
}
